
Microsoft Visual Studio Solution File, Format Version 12.00
# Visual Studio Version 16
VisualStudioVersion = 16.0.31229.75
MinimumVisualStudioVersion = 10.0.40219.1
Project("{FAE04EC0-301F-11D3-BF4B-00C04F79EFBC}") = "Asp.netGraphPOC", "Asp.netGraphPOC\Asp.netGraphPOC.csproj", "{5212302B-0DB0-4A16-A661-C7F228CFF24D}"
EndProject
Global
	GlobalSection(SolutionConfigurationPlatforms) = preSolution
		Debug|Any CPU = Debug|Any CPU
		Release|Any CPU = Release|Any CPU
	EndGlobalSection
	GlobalSection(ProjectConfigurationPlatforms) = postSolution
		{5212302B-0DB0-4A16-A661-C7F228CFF24D}.Debug|Any CPU.ActiveCfg = Debug|Any CPU
		{5212302B-0DB0-4A16-A661-C7F228CFF24D}.Debug|Any CPU.Build.0 = Debug|Any CPU
		{5212302B-0DB0-4A16-A661-C7F228CFF24D}.Release|Any CPU.ActiveCfg = Release|Any CPU
		{5212302B-0DB0-4A16-A661-C7F228CFF24D}.Release|Any CPU.Build.0 = Release|Any CPU
	EndGlobalSection
	GlobalSection(SolutionProperties) = preSolution
		HideSolutionNode = FALSE
	EndGlobalSection
	GlobalSection(ExtensibilityGlobals) = postSolution
		SolutionGuid = {1BA04FBA-9419-45F8-9F1F-ADEEE57E314A}
	EndGlobalSection
EndGlobal
